
Microsoft Visual Studio Solution File, Format Version 12.00
# Visual Studio 15
Project("{FAE04EC0-301F-11D3-BF4B-00C04F79EFBC}") = "UnityEngine.TestRunner", "UnityEngine.TestRunner.csproj", "{342841A5-EDD8-97F4-1D30-292CD3B46E9B}"
EndProject
Project("{FAE04EC0-301F-11D3-BF4B-00C04F79EFBC}") = "Unity.Mathematics", "Unity.Mathematics.csproj", "{6E7F7228-95D7-2BBA-C67B-B81F7495FC3F}"
EndProject
Project("{FAE04EC0-301F-11D3-BF4B-00C04F79EFBC}") = "Unity.InputSystem", "Unity.InputSystem.csproj", "{9DBB0373-08F8-AAE5-19FA-9E8D91BBB1FE}"
EndProject
Project("{FAE04EC0-301F-11D3-BF4B-00C04F79EFBC}") = "Unity.Burst", "Unity.Burst.csproj", "{8C31244F-0F60-9349-B76D-209CB53187FE}"
EndProject
Project("{FAE04EC0-301F-11D3-BF4B-00C04F79EFBC}") = "Unity.TextMeshPro", "Unity.TextMeshPro.csproj", "{09AA59A5-3C06-15E1-9DC3-05576E2667AB}"
EndProject
Project("{FAE04EC0-301F-11D3-BF4B-00C04F79EFBC}") = "Unity.Timeline", "Unity.Timeline.csproj", "{8783C401-7705-B9A5-B468-64D45EB7536A}"
EndProject
Project("{FAE04EC0-301F-11D3-BF4B-00C04F79EFBC}") = "Assembly-CSharp", "Assembly-CSharp.csproj", "{7EC88045-9A1E-7944-B832-949291B00280}"
EndProject
Project("{FAE04EC0-301F-11D3-BF4B-00C04F79EFBC}") = "Unity.VisualStudio.Editor", "Unity.VisualStudio.Editor.csproj", "{1AA0DF86-1D78-AAD9-6DF1-F898305C17BB}"
EndProject
Project("{FAE04EC0-301F-11D3-BF4B-00C04F79EFBC}") = "Unity.Timeline.Editor", "Unity.Timeline.Editor.csproj", "{529D0336-FEDD-9AE4-65E6-1F9236F0588C}"
EndProject
Project("{FAE04EC0-301F-11D3-BF4B-00C04F79EFBC}") = "Unity.TextMeshPro.Editor", "Unity.TextMeshPro.Editor.csproj", "{5A144738-2A4E-8E23-A347-CFBE05FDCCBD}"
EndProject
Project("{FAE04EC0-301F-11D3-BF4B-00C04F79EFBC}") = "UnityEditor.TestRunner", "UnityEditor.TestRunner.csproj", "{DDB589B8-59B7-8AAA-8728-9275E90B6047}"
EndProject
Project("{FAE04EC0-301F-11D3-BF4B-00C04F79EFBC}") = "Unity.Searcher.Editor", "Unity.Searcher.Editor.csproj", "{BAD132C4-3FF4-DFE4-4B4E-91E91B0D3FC3}"
EndProject
Project("{FAE04EC0-301F-11D3-BF4B-00C04F79EFBC}") = "Unity.Burst.CodeGen", "Unity.Burst.CodeGen.csproj", "{0164B6EF-6DAE-408F-389B-9BD50A28E465}"
EndProject
Project("{FAE04EC0-301F-11D3-BF4B-00C04F79EFBC}") = "Unity.Mathematics.Editor", "Unity.Mathematics.Editor.csproj", "{E8A0B86D-62D8-EA5E-5494-AAB1377E35E2}"
EndProject
Project("{FAE04EC0-301F-11D3-BF4B-00C04F79EFBC}") = "Unity.Burst.Editor", "Unity.Burst.Editor.csproj", "{4CF9D03E-7900-B979-1243-42EF7ECA092A}"
EndProject
Project("{FAE04EC0-301F-11D3-BF4B-00C04F79EFBC}") = "Assembly-CSharp-Editor", "Assembly-CSharp-Editor.csproj", "{DBCE7E01-3D95-33FD-FB4B-649C1C7BA592}"
EndProject
Global
	GlobalSection(SolutionConfigurationPlatforms) = preSolution
		Debug|Any CPU = Debug|Any CPU
		Release|Any CPU = Release|Any CPU
	EndGlobalSection
	GlobalSection(ProjectConfigurationPlatforms) = postSolution
		{342841A5-EDD8-97F4-1D30-292CD3B46E9B}.Debug|Any CPU.ActiveCfg = Debug|Any CPU
		{342841A5-EDD8-97F4-1D30-292CD3B46E9B}.Debug|Any CPU.Build.0 = Debug|Any CPU
		{342841A5-EDD8-97F4-1D30-292CD3B46E9B}.Release|Any CPU.ActiveCfg = Release|Any CPU
		{342841A5-EDD8-97F4-1D30-292CD3B46E9B}.Release|Any CPU.Build.0 = Release|Any CPU
		{6E7F7228-95D7-2BBA-C67B-B81F7495FC3F}.Debug|Any CPU.ActiveCfg = Debug|Any CPU
		{6E7F7228-95D7-2BBA-C67B-B81F7495FC3F}.Debug|Any CPU.Build.0 = Debug|Any CPU
		{6E7F7228-95D7-2BBA-C67B-B81F7495FC3F}.Release|Any CPU.ActiveCfg = Release|Any CPU
		{6E7F7228-95D7-2BBA-C67B-B81F7495FC3F}.Release|Any CPU.Build.0 = Release|Any CPU
		{9DBB0373-08F8-AAE5-19FA-9E8D91BBB1FE}.Debug|Any CPU.ActiveCfg = Debug|Any CPU
		{9DBB0373-08F8-AAE5-19FA-9E8D91BBB1FE}.Debug|Any CPU.Build.0 = Debug|Any CPU
		{9DBB0373-08F8-AAE5-19FA-9E8D91BBB1FE}.Release|Any CPU.ActiveCfg = Release|Any CPU
		{9DBB0373-08F8-AAE5-19FA-9E8D91BBB1FE}.Release|Any CPU.Build.0 = Release|Any CPU
		{8C31244F-0F60-9349-B76D-209CB53187FE}.Debug|Any CPU.ActiveCfg = Debug|Any CPU
		{8C31244F-0F60-9349-B76D-209CB53187FE}.Debug|Any CPU.Build.0 = Debug|Any CPU
		{8C31244F-0F60-9349-B76D-209CB53187FE}.Release|Any CPU.ActiveCfg = Release|Any CPU
		{8C31244F-0F60-9349-B76D-209CB53187FE}.Release|Any CPU.Build.0 = Release|Any CPU
		{09AA59A5-3C06-15E1-9DC3-05576E2667AB}.Debug|Any CPU.ActiveCfg = Debug|Any CPU
		{09AA59A5-3C06-15E1-9DC3-05576E2667AB}.Debug|Any CPU.Build.0 = Debug|Any CPU
		{09AA59A5-3C06-15E1-9DC3-05576E2667AB}.Release|Any CPU.ActiveCfg = Release|Any CPU
		{09AA59A5-3C06-15E1-9DC3-05576E2667AB}.Release|Any CPU.Build.0 = Release|Any CPU
		{8783C401-7705-B9A5-B468-64D45EB7536A}.Debug|Any CPU.ActiveCfg = Debug|Any CPU
		{8783C401-7705-B9A5-B468-64D45EB7536A}.Debug|Any CPU.Build.0 = Debug|Any CPU
		{8783C401-7705-B9A5-B468-64D45EB7536A}.Release|Any CPU.ActiveCfg = Release|Any CPU
		{8783C401-7705-B9A5-B468-64D45EB7536A}.Release|Any CPU.Build.0 = Release|Any CPU
		{7EC88045-9A1E-7944-B832-949291B00280}.Debug|Any CPU.ActiveCfg = Debug|Any CPU
		{7EC88045-9A1E-7944-B832-949291B00280}.Debug|Any CPU.Build.0 = Debug|Any CPU
		{7EC88045-9A1E-7944-B832-949291B00280}.Release|Any CPU.ActiveCfg = Release|Any CPU
		{7EC88045-9A1E-7944-B832-949291B00280}.Release|Any CPU.Build.0 = Release|Any CPU
		{1AA0DF86-1D78-AAD9-6DF1-F898305C17BB}.Debug|Any CPU.ActiveCfg = Debug|Any CPU
		{1AA0DF86-1D78-AAD9-6DF1-F898305C17BB}.Debug|Any CPU.Build.0 = Debug|Any CPU
		{1AA0DF86-1D78-AAD9-6DF1-F898305C17BB}.Release|Any CPU.ActiveCfg = Release|Any CPU
		{1AA0DF86-1D78-AAD9-6DF1-F898305C17BB}.Release|Any CPU.Build.0 = Release|Any CPU
		{529D0336-FEDD-9AE4-65E6-1F9236F0588C}.Debug|Any CPU.ActiveCfg = Debug|Any CPU
		{529D0336-FEDD-9AE4-65E6-1F9236F0588C}.Debug|Any CPU.Build.0 = Debug|Any CPU
		{529D0336-FEDD-9AE4-65E6-1F9236F0588C}.Release|Any CPU.ActiveCfg = Release|Any CPU
		{529D0336-FEDD-9AE4-65E6-1F9236F0588C}.Release|Any CPU.Build.0 = Release|Any CPU
		{5A144738-2A4E-8E23-A347-CFBE05FDCCBD}.Debug|Any CPU.ActiveCfg = Debug|Any CPU
		{5A144738-2A4E-8E23-A347-CFBE05FDCCBD}.Debug|Any CPU.Build.0 = Debug|Any CPU
		{5A144738-2A4E-8E23-A347-CFBE05FDCCBD}.Release|Any CPU.ActiveCfg = Release|Any CPU
		{5A144738-2A4E-8E23-A347-CFBE05FDCCBD}.Release|Any CPU.Build.0 = Release|Any CPU
		{DDB589B8-59B7-8AAA-8728-9275E90B6047}.Debug|Any CPU.ActiveCfg = Debug|Any CPU
		{DDB589B8-59B7-8AAA-8728-9275E90B6047}.Debug|Any CPU.Build.0 = Debug|Any CPU
		{DDB589B8-59B7-8AAA-8728-9275E90B6047}.Release|Any CPU.ActiveCfg = Release|Any CPU
		{DDB589B8-59B7-8AAA-8728-9275E90B6047}.Release|Any CPU.Build.0 = Release|Any CPU
		{BAD132C4-3FF4-DFE4-4B4E-91E91B0D3FC3}.Debug|Any CPU.ActiveCfg = Debug|Any CPU
		{BAD132C4-3FF4-DFE4-4B4E-91E91B0D3FC3}.Debug|Any CPU.Build.0 = Debug|Any CPU
		{BAD132C4-3FF4-DFE4-4B4E-91E91B0D3FC3}.Release|Any CPU.ActiveCfg = Release|Any CPU
		{BAD132C4-3FF4-DFE4-4B4E-91E91B0D3FC3}.Release|Any CPU.Build.0 = Release|Any CPU
		{0164B6EF-6DAE-408F-389B-9BD50A28E465}.Debug|Any CPU.ActiveCfg = Debug|Any CPU
		{0164B6EF-6DAE-408F-389B-9BD50A28E465}.Debug|Any CPU.Build.0 = Debug|Any CPU
		{0164B6EF-6DAE-408F-389B-9BD50A28E465}.Release|Any CPU.ActiveCfg = Release|Any CPU
		{0164B6EF-6DAE-408F-389B-9BD50A28E465}.Release|Any CPU.Build.0 = Release|Any CPU
		{E8A0B86D-62D8-EA5E-5494-AAB1377E35E2}.Debug|Any CPU.ActiveCfg = Debug|Any CPU
		{E8A0B86D-62D8-EA5E-5494-AAB1377E35E2}.Debug|Any CPU.Build.0 = Debug|Any CPU
		{E8A0B86D-62D8-EA5E-5494-AAB1377E35E2}.Release|Any CPU.ActiveCfg = Release|Any CPU
		{E8A0B86D-62D8-EA5E-5494-AAB1377E35E2}.Release|Any CPU.Build.0 = Release|Any CPU
		{4CF9D03E-7900-B979-1243-42EF7ECA092A}.Debug|Any CPU.ActiveCfg = Debug|Any CPU
		{4CF9D03E-7900-B979-1243-42EF7ECA092A}.Debug|Any CPU.Build.0 = Debug|Any CPU
		{4CF9D03E-7900-B979-1243-42EF7ECA092A}.Release|Any CPU.ActiveCfg = Release|Any CPU
		{4CF9D03E-7900-B979-1243-42EF7ECA092A}.Release|Any CPU.Build.0 = Release|Any CPU
		{DBCE7E01-3D95-33FD-FB4B-649C1C7BA592}.Debug|Any CPU.ActiveCfg = Debug|Any CPU
		{DBCE7E01-3D95-33FD-FB4B-649C1C7BA592}.Debug|Any CPU.Build.0 = Debug|Any CPU
		{DBCE7E01-3D95-33FD-FB4B-649C1C7BA592}.Release|Any CPU.ActiveCfg = Release|Any CPU
		{DBCE7E01-3D95-33FD-FB4B-649C1C7BA592}.Release|Any CPU.Build.0 = Release|Any CPU
	EndGlobalSection
	GlobalSection(SolutionProperties) = preSolution
		HideSolutionNode = FALSE
	EndGlobalSection
EndGlobal
